
Microsoft Visual Studio Solution File, Format Version 12.00
# Visual Studio 2012
Project("{8BC9CEB8-8B4A-11D0-8D11-00A0C91BC942}") = "Teapot", "Teapot\Teapot.vcxproj", "{6A50A411-549A-421F-9E11-158F14720791}"
EndProject
Project("{2150E333-8FDC-42A3-9474-1A3956D46DE8}") = "Texture", "Texture", "{68D0CD4E-7958-4750-902F-D1353A15BA28}"
EndProject
Project("{8BC9CEB8-8B4A-11D0-8D11-00A0C91BC942}") = "Big_Image", "Big_Image\Big_Image.vcxproj", "{3001BB26-B7E5-4E6A-859C-5F539E305DED}"
EndProject
Project("{2150E333-8FDC-42A3-9474-1A3956D46DE8}") = "Basic", "Basic", "{1C151407-3735-4D46-80DC-6B5A04222453}"
EndProject
Project("{8BC9CEB8-8B4A-11D0-8D11-00A0C91BC942}") = "DrawTriangle", "DrawTriangle\DrawTriangle.vcxproj", "{CBA3F13E-C42B-4640-9875-304568DE8956}"
EndProject
Project("{8BC9CEB8-8B4A-11D0-8D11-00A0C91BC942}") = "GetDeviceFeatureLevel", "GetDeviceFeatureLevel\GetDeviceFeatureLevel.vcxproj", "{4A2F5B8F-1CB8-40B6-A45E-BD263F78B9CB}"
EndProject
Project("{8BC9CEB8-8B4A-11D0-8D11-00A0C91BC942}") = "Cube", "Cube\Cube.vcxproj", "{F9C5B0E9-B368-479E-949C-6CAC21510D0F}"
EndProject
Project("{8BC9CEB8-8B4A-11D0-8D11-00A0C91BC942}") = "ArcBall", "ArcBall\ArcBall.vcxproj", "{5D91FC82-EFC7-49B9-A529-0888C7612DD6}"
EndProject
Global
	GlobalSection(SolutionConfigurationPlatforms) = preSolution
		Debug|Win32 = Debug|Win32
		Release|Win32 = Release|Win32
	EndGlobalSection
	GlobalSection(ProjectConfigurationPlatforms) = postSolution
		{6A50A411-549A-421F-9E11-158F14720791}.Debug|Win32.ActiveCfg = Debug|Win32
		{6A50A411-549A-421F-9E11-158F14720791}.Debug|Win32.Build.0 = Debug|Win32
		{6A50A411-549A-421F-9E11-158F14720791}.Release|Win32.ActiveCfg = Release|Win32
		{6A50A411-549A-421F-9E11-158F14720791}.Release|Win32.Build.0 = Release|Win32
		{3001BB26-B7E5-4E6A-859C-5F539E305DED}.Debug|Win32.ActiveCfg = Debug|Win32
		{3001BB26-B7E5-4E6A-859C-5F539E305DED}.Debug|Win32.Build.0 = Debug|Win32
		{3001BB26-B7E5-4E6A-859C-5F539E305DED}.Release|Win32.ActiveCfg = Release|Win32
		{3001BB26-B7E5-4E6A-859C-5F539E305DED}.Release|Win32.Build.0 = Release|Win32
		{CBA3F13E-C42B-4640-9875-304568DE8956}.Debug|Win32.ActiveCfg = Debug|Win32
		{CBA3F13E-C42B-4640-9875-304568DE8956}.Debug|Win32.Build.0 = Debug|Win32
		{CBA3F13E-C42B-4640-9875-304568DE8956}.Release|Win32.ActiveCfg = Release|Win32
		{CBA3F13E-C42B-4640-9875-304568DE8956}.Release|Win32.Build.0 = Release|Win32
		{4A2F5B8F-1CB8-40B6-A45E-BD263F78B9CB}.Debug|Win32.ActiveCfg = Debug|Win32
		{4A2F5B8F-1CB8-40B6-A45E-BD263F78B9CB}.Debug|Win32.Build.0 = Debug|Win32
		{4A2F5B8F-1CB8-40B6-A45E-BD263F78B9CB}.Release|Win32.ActiveCfg = Release|Win32
		{4A2F5B8F-1CB8-40B6-A45E-BD263F78B9CB}.Release|Win32.Build.0 = Release|Win32
		{F9C5B0E9-B368-479E-949C-6CAC21510D0F}.Debug|Win32.ActiveCfg = Debug|Win32
		{F9C5B0E9-B368-479E-949C-6CAC21510D0F}.Debug|Win32.Build.0 = Debug|Win32
		{F9C5B0E9-B368-479E-949C-6CAC21510D0F}.Release|Win32.ActiveCfg = Release|Win32
		{F9C5B0E9-B368-479E-949C-6CAC21510D0F}.Release|Win32.Build.0 = Release|Win32
		{5D91FC82-EFC7-49B9-A529-0888C7612DD6}.Debug|Win32.ActiveCfg = Debug|Win32
		{5D91FC82-EFC7-49B9-A529-0888C7612DD6}.Debug|Win32.Build.0 = Debug|Win32
		{5D91FC82-EFC7-49B9-A529-0888C7612DD6}.Release|Win32.ActiveCfg = Release|Win32
		{5D91FC82-EFC7-49B9-A529-0888C7612DD6}.Release|Win32.Build.0 = Release|Win32
	EndGlobalSection
	GlobalSection(SolutionProperties) = preSolution
		HideSolutionNode = FALSE
	EndGlobalSection
	GlobalSection(NestedProjects) = preSolution
		{3001BB26-B7E5-4E6A-859C-5F539E305DED} = {68D0CD4E-7958-4750-902F-D1353A15BA28}
		{CBA3F13E-C42B-4640-9875-304568DE8956} = {1C151407-3735-4D46-80DC-6B5A04222453}
		{F9C5B0E9-B368-479E-949C-6CAC21510D0F} = {1C151407-3735-4D46-80DC-6B5A04222453}
		{5D91FC82-EFC7-49B9-A529-0888C7612DD6} = {1C151407-3735-4D46-80DC-6B5A04222453}
	EndGlobalSection
EndGlobal
