
Microsoft Visual Studio Solution File, Format Version 12.00
# Visual Studio 2012
Project("{8BC9CEB8-8B4A-11D0-8D11-00A0C91BC942}") = "DrawTriangle", "DrawTriangle\DrawTriangle.vcxproj", "{139EF10D-1A91-46D2-93B4-BDB0A419511F}"
EndProject
Project("{8BC9CEB8-8B4A-11D0-8D11-00A0C91BC942}") = "Basic", "Basic\Basic.vcxproj", "{1561CB10-E409-47D7-B7EA-B59A28AC537C}"
EndProject
Global
	GlobalSection(SolutionConfigurationPlatforms) = preSolution
		Debug|Win32 = Debug|Win32
		Release|Win32 = Release|Win32
	EndGlobalSection
	GlobalSection(ProjectConfigurationPlatforms) = postSolution
		{139EF10D-1A91-46D2-93B4-BDB0A419511F}.Debug|Win32.ActiveCfg = Debug|Win32
		{139EF10D-1A91-46D2-93B4-BDB0A419511F}.Debug|Win32.Build.0 = Debug|Win32
		{139EF10D-1A91-46D2-93B4-BDB0A419511F}.Release|Win32.ActiveCfg = Release|Win32
		{139EF10D-1A91-46D2-93B4-BDB0A419511F}.Release|Win32.Build.0 = Release|Win32
		{1561CB10-E409-47D7-B7EA-B59A28AC537C}.Debug|Win32.ActiveCfg = Debug|Win32
		{1561CB10-E409-47D7-B7EA-B59A28AC537C}.Debug|Win32.Build.0 = Debug|Win32
		{1561CB10-E409-47D7-B7EA-B59A28AC537C}.Release|Win32.ActiveCfg = Release|Win32
		{1561CB10-E409-47D7-B7EA-B59A28AC537C}.Release|Win32.Build.0 = Release|Win32
	EndGlobalSection
	GlobalSection(SolutionProperties) = preSolution
		HideSolutionNode = FALSE
	EndGlobalSection
EndGlobal
