
Microsoft Visual Studio Solution File, Format Version 12.00
# Visual Studio 2012
Project("{8BC9CEB8-8B4A-11D0-8D11-00A0C91BC942}") = "DrawTriangle", "DrawTriangle\DrawTriangle.vcxproj", "{139EF10D-1A91-46D2-93B4-BDB0A419511F}"
EndProject
Project("{8BC9CEB8-8B4A-11D0-8D11-00A0C91BC942}") = "Triangle_EffectsSystem", "Triangle_EffectsSystem\Triangle_EffectsSystem.vcxproj", "{88BFFF62-0531-413E-8FCE-7481AFD07007}"
EndProject
Project("{8BC9CEB8-8B4A-11D0-8D11-00A0C91BC942}") = "Rotation", "Rotation\Rotation.vcxproj", "{3C33FCC7-70F3-46C8-8D2E-94F1E3556BCE}"
EndProject
Project("{8BC9CEB8-8B4A-11D0-8D11-00A0C91BC942}") = "DrawCube", "DrawCube\DrawCube.vcxproj", "{1C168C09-D693-4838-8857-476A855E67B3}"
EndProject
Project("{8BC9CEB8-8B4A-11D0-8D11-00A0C91BC942}") = "ConstantBuffer", "ConstantBuffer\ConstantBuffer.vcxproj", "{AC9108CB-5927-4554-9D1F-A8A3D75AA621}"
EndProject
Project("{8BC9CEB8-8B4A-11D0-8D11-00A0C91BC942}") = "TextureCube", "TextureCube\TextureCube.vcxproj", "{DF4530A7-093A-4AC6-8663-D70E5BE1A2D1}"
EndProject
Project("{8BC9CEB8-8B4A-11D0-8D11-00A0C91BC942}") = "CreateTextureManually", "CreateTextureManually\CreateTextureManually.vcxproj", "{30B9CA26-776C-440A-9329-FA102ACB4FE2}"
EndProject
Project("{8BC9CEB8-8B4A-11D0-8D11-00A0C91BC942}") = "ShaderWithoutBuffers", "ShaderWithoutBuffers\ShaderWithoutBuffers.vcxproj", "{D5701866-9CD3-4DDA-8F67-F98AFB7A57CF}"
EndProject
Global
	GlobalSection(SolutionConfigurationPlatforms) = preSolution
		Debug|Win32 = Debug|Win32
		Release|Win32 = Release|Win32
	EndGlobalSection
	GlobalSection(ProjectConfigurationPlatforms) = postSolution
		{139EF10D-1A91-46D2-93B4-BDB0A419511F}.Debug|Win32.ActiveCfg = Debug|Win32
		{139EF10D-1A91-46D2-93B4-BDB0A419511F}.Debug|Win32.Build.0 = Debug|Win32
		{139EF10D-1A91-46D2-93B4-BDB0A419511F}.Release|Win32.ActiveCfg = Release|Win32
		{139EF10D-1A91-46D2-93B4-BDB0A419511F}.Release|Win32.Build.0 = Release|Win32
		{88BFFF62-0531-413E-8FCE-7481AFD07007}.Debug|Win32.ActiveCfg = Debug|Win32
		{88BFFF62-0531-413E-8FCE-7481AFD07007}.Debug|Win32.Build.0 = Debug|Win32
		{88BFFF62-0531-413E-8FCE-7481AFD07007}.Release|Win32.ActiveCfg = Release|Win32
		{88BFFF62-0531-413E-8FCE-7481AFD07007}.Release|Win32.Build.0 = Release|Win32
		{3C33FCC7-70F3-46C8-8D2E-94F1E3556BCE}.Debug|Win32.ActiveCfg = Debug|Win32
		{3C33FCC7-70F3-46C8-8D2E-94F1E3556BCE}.Debug|Win32.Build.0 = Debug|Win32
		{3C33FCC7-70F3-46C8-8D2E-94F1E3556BCE}.Release|Win32.ActiveCfg = Release|Win32
		{3C33FCC7-70F3-46C8-8D2E-94F1E3556BCE}.Release|Win32.Build.0 = Release|Win32
		{1C168C09-D693-4838-8857-476A855E67B3}.Debug|Win32.ActiveCfg = Debug|Win32
		{1C168C09-D693-4838-8857-476A855E67B3}.Debug|Win32.Build.0 = Debug|Win32
		{1C168C09-D693-4838-8857-476A855E67B3}.Release|Win32.ActiveCfg = Release|Win32
		{1C168C09-D693-4838-8857-476A855E67B3}.Release|Win32.Build.0 = Release|Win32
		{AC9108CB-5927-4554-9D1F-A8A3D75AA621}.Debug|Win32.ActiveCfg = Debug|Win32
		{AC9108CB-5927-4554-9D1F-A8A3D75AA621}.Debug|Win32.Build.0 = Debug|Win32
		{AC9108CB-5927-4554-9D1F-A8A3D75AA621}.Release|Win32.ActiveCfg = Release|Win32
		{AC9108CB-5927-4554-9D1F-A8A3D75AA621}.Release|Win32.Build.0 = Release|Win32
		{DF4530A7-093A-4AC6-8663-D70E5BE1A2D1}.Debug|Win32.ActiveCfg = Debug|Win32
		{DF4530A7-093A-4AC6-8663-D70E5BE1A2D1}.Debug|Win32.Build.0 = Debug|Win32
		{DF4530A7-093A-4AC6-8663-D70E5BE1A2D1}.Release|Win32.ActiveCfg = Release|Win32
		{DF4530A7-093A-4AC6-8663-D70E5BE1A2D1}.Release|Win32.Build.0 = Release|Win32
		{30B9CA26-776C-440A-9329-FA102ACB4FE2}.Debug|Win32.ActiveCfg = Debug|Win32
		{30B9CA26-776C-440A-9329-FA102ACB4FE2}.Debug|Win32.Build.0 = Debug|Win32
		{30B9CA26-776C-440A-9329-FA102ACB4FE2}.Release|Win32.ActiveCfg = Release|Win32
		{30B9CA26-776C-440A-9329-FA102ACB4FE2}.Release|Win32.Build.0 = Release|Win32
		{D5701866-9CD3-4DDA-8F67-F98AFB7A57CF}.Debug|Win32.ActiveCfg = Debug|Win32
		{D5701866-9CD3-4DDA-8F67-F98AFB7A57CF}.Debug|Win32.Build.0 = Debug|Win32
		{D5701866-9CD3-4DDA-8F67-F98AFB7A57CF}.Release|Win32.ActiveCfg = Release|Win32
		{D5701866-9CD3-4DDA-8F67-F98AFB7A57CF}.Release|Win32.Build.0 = Release|Win32
	EndGlobalSection
	GlobalSection(SolutionProperties) = preSolution
		HideSolutionNode = FALSE
	EndGlobalSection
EndGlobal
