
Microsoft Visual Studio Solution File, Format Version 12.00
# Visual Studio 2012
Project("{8BC9CEB8-8B4A-11D0-8D11-00A0C91BC942}") = "DrawTriangle", "DrawTriangle\DrawTriangle.vcxproj", "{139EF10D-1A91-46D2-93B4-BDB0A419511F}"
EndProject
Project("{8BC9CEB8-8B4A-11D0-8D11-00A0C91BC942}") = "Triangle_EffectsSystem", "Triangle_EffectsSystem\Triangle_EffectsSystem.vcxproj", "{88BFFF62-0531-413E-8FCE-7481AFD07007}"
EndProject
Project("{8BC9CEB8-8B4A-11D0-8D11-00A0C91BC942}") = "Rotation", "Rotation\Rotation.vcxproj", "{3C33FCC7-70F3-46C8-8D2E-94F1E3556BCE}"
EndProject
Project("{8BC9CEB8-8B4A-11D0-8D11-00A0C91BC942}") = "DrawCube", "DrawCube\DrawCube.vcxproj", "{1C168C09-D693-4838-8857-476A855E67B3}"
EndProject
Project("{8BC9CEB8-8B4A-11D0-8D11-00A0C91BC942}") = "ConstantBuffer", "ConstantBuffer\ConstantBuffer.vcxproj", "{AC9108CB-5927-4554-9D1F-A8A3D75AA621}"
EndProject
Project("{8BC9CEB8-8B4A-11D0-8D11-00A0C91BC942}") = "TextureCube", "TextureCube\TextureCube.vcxproj", "{DF4530A7-093A-4AC6-8663-D70E5BE1A2D1}"
EndProject
Project("{8BC9CEB8-8B4A-11D0-8D11-00A0C91BC942}") = "CreateTextureManually", "CreateTextureManually\CreateTextureManually.vcxproj", "{30B9CA26-776C-440A-9329-FA102ACB4FE2}"
EndProject
Project("{8BC9CEB8-8B4A-11D0-8D11-00A0C91BC942}") = "ShaderWithoutBuffers", "ShaderWithoutBuffers\ShaderWithoutBuffers.vcxproj", "{D5701866-9CD3-4DDA-8F67-F98AFB7A57CF}"
EndProject
Project("{2150E333-8FDC-42A3-9474-1A3956D46DE8}") = "Lighting", "Lighting", "{AFC9EA40-7AFA-4FB5-8FB6-2B558205E7B0}"
EndProject
Project("{8BC9CEB8-8B4A-11D0-8D11-00A0C91BC942}") = "DirectionalLight", "DirectionalLight\DirectionalLight.vcxproj", "{E84CEEA8-B309-4896-8B0E-6EB55F3AD083}"
EndProject
Project("{2150E333-8FDC-42A3-9474-1A3956D46DE8}") = "Geometry", "Geometry", "{F25C79F2-0EF7-4B56-8D78-92587133341F}"
EndProject
Project("{8BC9CEB8-8B4A-11D0-8D11-00A0C91BC942}") = "Sphere", "Sphere\Sphere.vcxproj", "{719295ED-A253-4767-A5DF-568EF663F807}"
EndProject
Project("{8BC9CEB8-8B4A-11D0-8D11-00A0C91BC942}") = "PointLight", "PointLight\PointLight.vcxproj", "{DF37AA2D-08F2-45F2-A65D-95D6C1592315}"
EndProject
Project("{8BC9CEB8-8B4A-11D0-8D11-00A0C91BC942}") = "SpotLight", "SpotLight\SpotLight.vcxproj", "{C82A8872-E53C-4092-8252-E0AECF847277}"
EndProject
Project("{8BC9CEB8-8B4A-11D0-8D11-00A0C91BC942}") = "DrawText", "DrawText\DrawText.vcxproj", "{FA941674-3624-4826-9054-7E54BC1F23A5}"
EndProject
Project("{8BC9CEB8-8B4A-11D0-8D11-00A0C91BC942}") = "MultipleTexture", "MultipleTexture\MultipleTexture.vcxproj", "{2F6DB2D7-4067-40FE-AA6D-D1FE39B949B5}"
EndProject
Global
	GlobalSection(SolutionConfigurationPlatforms) = preSolution
		Debug|Win32 = Debug|Win32
		Release|Win32 = Release|Win32
	EndGlobalSection
	GlobalSection(ProjectConfigurationPlatforms) = postSolution
		{139EF10D-1A91-46D2-93B4-BDB0A419511F}.Debug|Win32.ActiveCfg = Debug|Win32
		{139EF10D-1A91-46D2-93B4-BDB0A419511F}.Debug|Win32.Build.0 = Debug|Win32
		{139EF10D-1A91-46D2-93B4-BDB0A419511F}.Release|Win32.ActiveCfg = Release|Win32
		{139EF10D-1A91-46D2-93B4-BDB0A419511F}.Release|Win32.Build.0 = Release|Win32
		{88BFFF62-0531-413E-8FCE-7481AFD07007}.Debug|Win32.ActiveCfg = Debug|Win32
		{88BFFF62-0531-413E-8FCE-7481AFD07007}.Debug|Win32.Build.0 = Debug|Win32
		{88BFFF62-0531-413E-8FCE-7481AFD07007}.Release|Win32.ActiveCfg = Release|Win32
		{88BFFF62-0531-413E-8FCE-7481AFD07007}.Release|Win32.Build.0 = Release|Win32
		{3C33FCC7-70F3-46C8-8D2E-94F1E3556BCE}.Debug|Win32.ActiveCfg = Debug|Win32
		{3C33FCC7-70F3-46C8-8D2E-94F1E3556BCE}.Debug|Win32.Build.0 = Debug|Win32
		{3C33FCC7-70F3-46C8-8D2E-94F1E3556BCE}.Release|Win32.ActiveCfg = Release|Win32
		{3C33FCC7-70F3-46C8-8D2E-94F1E3556BCE}.Release|Win32.Build.0 = Release|Win32
		{1C168C09-D693-4838-8857-476A855E67B3}.Debug|Win32.ActiveCfg = Debug|Win32
		{1C168C09-D693-4838-8857-476A855E67B3}.Debug|Win32.Build.0 = Debug|Win32
		{1C168C09-D693-4838-8857-476A855E67B3}.Release|Win32.ActiveCfg = Release|Win32
		{1C168C09-D693-4838-8857-476A855E67B3}.Release|Win32.Build.0 = Release|Win32
		{AC9108CB-5927-4554-9D1F-A8A3D75AA621}.Debug|Win32.ActiveCfg = Debug|Win32
		{AC9108CB-5927-4554-9D1F-A8A3D75AA621}.Debug|Win32.Build.0 = Debug|Win32
		{AC9108CB-5927-4554-9D1F-A8A3D75AA621}.Release|Win32.ActiveCfg = Release|Win32
		{AC9108CB-5927-4554-9D1F-A8A3D75AA621}.Release|Win32.Build.0 = Release|Win32
		{DF4530A7-093A-4AC6-8663-D70E5BE1A2D1}.Debug|Win32.ActiveCfg = Debug|Win32
		{DF4530A7-093A-4AC6-8663-D70E5BE1A2D1}.Debug|Win32.Build.0 = Debug|Win32
		{DF4530A7-093A-4AC6-8663-D70E5BE1A2D1}.Release|Win32.ActiveCfg = Release|Win32
		{DF4530A7-093A-4AC6-8663-D70E5BE1A2D1}.Release|Win32.Build.0 = Release|Win32
		{30B9CA26-776C-440A-9329-FA102ACB4FE2}.Debug|Win32.ActiveCfg = Debug|Win32
		{30B9CA26-776C-440A-9329-FA102ACB4FE2}.Debug|Win32.Build.0 = Debug|Win32
		{30B9CA26-776C-440A-9329-FA102ACB4FE2}.Release|Win32.ActiveCfg = Release|Win32
		{30B9CA26-776C-440A-9329-FA102ACB4FE2}.Release|Win32.Build.0 = Release|Win32
		{D5701866-9CD3-4DDA-8F67-F98AFB7A57CF}.Debug|Win32.ActiveCfg = Debug|Win32
		{D5701866-9CD3-4DDA-8F67-F98AFB7A57CF}.Debug|Win32.Build.0 = Debug|Win32
		{D5701866-9CD3-4DDA-8F67-F98AFB7A57CF}.Release|Win32.ActiveCfg = Release|Win32
		{D5701866-9CD3-4DDA-8F67-F98AFB7A57CF}.Release|Win32.Build.0 = Release|Win32
		{E84CEEA8-B309-4896-8B0E-6EB55F3AD083}.Debug|Win32.ActiveCfg = Debug|Win32
		{E84CEEA8-B309-4896-8B0E-6EB55F3AD083}.Debug|Win32.Build.0 = Debug|Win32
		{E84CEEA8-B309-4896-8B0E-6EB55F3AD083}.Release|Win32.ActiveCfg = Release|Win32
		{E84CEEA8-B309-4896-8B0E-6EB55F3AD083}.Release|Win32.Build.0 = Release|Win32
		{719295ED-A253-4767-A5DF-568EF663F807}.Debug|Win32.ActiveCfg = Debug|Win32
		{719295ED-A253-4767-A5DF-568EF663F807}.Debug|Win32.Build.0 = Debug|Win32
		{719295ED-A253-4767-A5DF-568EF663F807}.Release|Win32.ActiveCfg = Release|Win32
		{719295ED-A253-4767-A5DF-568EF663F807}.Release|Win32.Build.0 = Release|Win32
		{DF37AA2D-08F2-45F2-A65D-95D6C1592315}.Debug|Win32.ActiveCfg = Debug|Win32
		{DF37AA2D-08F2-45F2-A65D-95D6C1592315}.Debug|Win32.Build.0 = Debug|Win32
		{DF37AA2D-08F2-45F2-A65D-95D6C1592315}.Release|Win32.ActiveCfg = Release|Win32
		{DF37AA2D-08F2-45F2-A65D-95D6C1592315}.Release|Win32.Build.0 = Release|Win32
		{C82A8872-E53C-4092-8252-E0AECF847277}.Debug|Win32.ActiveCfg = Debug|Win32
		{C82A8872-E53C-4092-8252-E0AECF847277}.Debug|Win32.Build.0 = Debug|Win32
		{C82A8872-E53C-4092-8252-E0AECF847277}.Release|Win32.ActiveCfg = Release|Win32
		{C82A8872-E53C-4092-8252-E0AECF847277}.Release|Win32.Build.0 = Release|Win32
		{FA941674-3624-4826-9054-7E54BC1F23A5}.Debug|Win32.ActiveCfg = Debug|Win32
		{FA941674-3624-4826-9054-7E54BC1F23A5}.Debug|Win32.Build.0 = Debug|Win32
		{FA941674-3624-4826-9054-7E54BC1F23A5}.Release|Win32.ActiveCfg = Release|Win32
		{FA941674-3624-4826-9054-7E54BC1F23A5}.Release|Win32.Build.0 = Release|Win32
		{2F6DB2D7-4067-40FE-AA6D-D1FE39B949B5}.Debug|Win32.ActiveCfg = Debug|Win32
		{2F6DB2D7-4067-40FE-AA6D-D1FE39B949B5}.Debug|Win32.Build.0 = Debug|Win32
		{2F6DB2D7-4067-40FE-AA6D-D1FE39B949B5}.Release|Win32.ActiveCfg = Release|Win32
		{2F6DB2D7-4067-40FE-AA6D-D1FE39B949B5}.Release|Win32.Build.0 = Release|Win32
	EndGlobalSection
	GlobalSection(SolutionProperties) = preSolution
		HideSolutionNode = FALSE
	EndGlobalSection
	GlobalSection(NestedProjects) = preSolution
		{E84CEEA8-B309-4896-8B0E-6EB55F3AD083} = {AFC9EA40-7AFA-4FB5-8FB6-2B558205E7B0}
		{DF37AA2D-08F2-45F2-A65D-95D6C1592315} = {AFC9EA40-7AFA-4FB5-8FB6-2B558205E7B0}
		{C82A8872-E53C-4092-8252-E0AECF847277} = {AFC9EA40-7AFA-4FB5-8FB6-2B558205E7B0}
		{719295ED-A253-4767-A5DF-568EF663F807} = {F25C79F2-0EF7-4B56-8D78-92587133341F}
	EndGlobalSection
EndGlobal
