
Microsoft Visual Studio Solution File, Format Version 10.00
# Visual Studio 2008
Project("{2150E333-8FDC-42A3-9474-1A3956D46DE8}") = "Shaders", "Shaders", "{3852D20B-06DE-4867-970B-7BD7823B78D4}"
EndProject
Project("{8BC9CEB8-8B4A-11D0-8D11-00A0C91BC942}") = "Transform", "Transform\Transform.vcproj", "{35D3AC98-F045-4125-8B76-E168EA5E6385}"
EndProject
Project("{8BC9CEB8-8B4A-11D0-8D11-00A0C91BC942}") = "RubikCube", "RubikCube\RubikCube.vcproj", "{DC15FB77-F6C2-4DE0-9199-A66B352AD7EE}"
EndProject
Project("{8BC9CEB8-8B4A-11D0-8D11-00A0C91BC942}") = "ColorTeapot", "ColorTeapot\ColorTeapot.vcproj", "{9582B6F5-F5DB-4B62-86B2-7D73181D08FB}"
EndProject
Project("{8BC9CEB8-8B4A-11D0-8D11-00A0C91BC942}") = "Teapot", "Teapot\Teapot.vcproj", "{879DDAB3-107B-48DD-8F5B-1C8FFA827A3F}"
EndProject
Project("{8BC9CEB8-8B4A-11D0-8D11-00A0C91BC942}") = "Tetrix_2009", "..\Tetrix\Tetrix_2009.vcproj", "{D05AC399-E506-4376-9F3F-0B4C139C2EC4}"
EndProject
Project("{8BC9CEB8-8B4A-11D0-8D11-00A0C91BC942}") = "Sura", "..\Sura\Sura.vcproj", "{34E5A188-42B2-404F-B33D-26ECA64FB291}"
EndProject
Project("{2150E333-8FDC-42A3-9474-1A3956D46DE8}") = "Texture", "Texture", "{6BBE2BCB-5351-4013-9737-04DE5DF86C92}"
EndProject
Project("{8BC9CEB8-8B4A-11D0-8D11-00A0C91BC942}") = "Cube", "Cube\Cube.vcproj", "{7C97B44E-B943-4C25-A8D4-1EA69BEF28D6}"
EndProject
Project("{2150E333-8FDC-42A3-9474-1A3956D46DE8}") = "Camera", "Camera", "{EE7B7058-66CC-418C-810A-7D282B94BD8F}"
EndProject
Project("{8BC9CEB8-8B4A-11D0-8D11-00A0C91BC942}") = "ModelViewCamera", "ModelViewCamera\ModelViewCamera.vcproj", "{69493065-12E6-4B76-B428-5C600FFBA98C}"
EndProject
Project("{2150E333-8FDC-42A3-9474-1A3956D46DE8}") = "Advance", "Advance", "{C4F41C80-FCBE-4F3E-B9E8-B5C9D63BEE69}"
EndProject
Project("{8BC9CEB8-8B4A-11D0-8D11-00A0C91BC942}") = "DXMultiSwapchainWin32", "DXMultiViewWin32\DXMultiViewWin32.vcproj", "{208364BC-352A-4123-AF69-FB0A557EA859}"
EndProject
Project("{8BC9CEB8-8B4A-11D0-8D11-00A0C91BC942}") = "DrawBackground", "DrawBackground\DrawBackground.vcproj", "{209C9E01-A00A-40AD-A9D8-69D0D7BE1E11}"
EndProject
Project("{2150E333-8FDC-42A3-9474-1A3956D46DE8}") = "ParticleSystem", "ParticleSystem", "{D838078C-F4EB-4AF6-AC2B-30711E097168}"
EndProject
Project("{2150E333-8FDC-42A3-9474-1A3956D46DE8}") = "Terrain", "Terrain", "{57C0DE6C-9347-42EF-95DA-E85CFEC7B56E}"
EndProject
Project("{2150E333-8FDC-42A3-9474-1A3956D46DE8}") = "Viewport", "Viewport", "{4C25DEE2-C8B4-461F-80E1-B0B07468D3E8}"
EndProject
Project("{8BC9CEB8-8B4A-11D0-8D11-00A0C91BC942}") = "UseViewport", "UseViewport\UseViewport.vcproj", "{5B01F2AB-0A62-4D5D-90FD-C870512A4721}"
EndProject
Project("{8BC9CEB8-8B4A-11D0-8D11-00A0C91BC942}") = "Chessboard", "Chessboard\Chessboard.vcproj", "{C1F49E5E-10F2-4C04-A09C-FC38EAFEF9D5}"
EndProject
Project("{8BC9CEB8-8B4A-11D0-8D11-00A0C91BC942}") = "Z-Buffer", "Z-Buffer\Z-Buffer.vcproj", "{B663A084-2C37-46CC-9A1A-0ACCD64703D5}"
EndProject
Project("{8BC9CEB8-8B4A-11D0-8D11-00A0C91BC942}") = "PictureinPicture", "PictureinPicture\PictureinPicture.vcproj", "{67AB0C48-858F-464E-98D4-85BF8A7758B8}"
EndProject
Project("{2150E333-8FDC-42A3-9474-1A3956D46DE8}") = "Geometry", "Geometry", "{787CD1A4-2621-4E63-A01E-6BA5C3E4BD8B}"
EndProject
Project("{8BC9CEB8-8B4A-11D0-8D11-00A0C91BC942}") = "Blending", "Blending\Blending.vcproj", "{1D4DAE4B-94B2-4F50-8F2A-22A257A28CF4}"
EndProject
Project("{8BC9CEB8-8B4A-11D0-8D11-00A0C91BC942}") = "DXGeometryType", "DXGeometryType\DXGeometryType.vcproj", "{07A28BAF-7532-4F3E-8B7A-A78D04DE43EB}"
EndProject
Project("{8BC9CEB8-8B4A-11D0-8D11-00A0C91BC942}") = "CullMode", "CullMode\CullMode.vcproj", "{A4C11A57-4BB0-42D8-B1DF-CD15C2DBCF60}"
EndProject
Project("{8BC9CEB8-8B4A-11D0-8D11-00A0C91BC942}") = "ScreenQuad", "Quad\Quad.vcproj", "{E22AC46A-3D9C-44A8-9AA5-8001FE4AC267}"
EndProject
Project("{8BC9CEB8-8B4A-11D0-8D11-00A0C91BC942}") = "Billboarding", "Billboarding\Billboarding.vcproj", "{13173755-7DB1-48CE-B735-B841442FC38A}"
EndProject
Project("{8BC9CEB8-8B4A-11D0-8D11-00A0C91BC942}") = "FlatGround", "FlatGround\FlatGround.vcproj", "{64B61128-45D4-461C-9999-A3F5EE1372BE}"
EndProject
Project("{8BC9CEB8-8B4A-11D0-8D11-00A0C91BC942}") = "AnimatingTexture", "AnimatingTexture\AnimatingTexture.vcproj", "{7FD29ED7-1B81-4DEB-98BA-01A2D1A33015}"
EndProject
Project("{8BC9CEB8-8B4A-11D0-8D11-00A0C91BC942}") = "RealtimeScreenCopy", "RealtimeScreenCopy\RealtimeScreenCopy.vcproj", "{68BF6C7D-2DEB-4A00-BD59-9F39B2A6CA8A}"
EndProject
Project("{8BC9CEB8-8B4A-11D0-8D11-00A0C91BC942}") = "ScreenCapture", "ScreenCapture\ScreenCapture.vcproj", "{A9DEEFAF-FB39-4025-BBF5-06DAE412DF32}"
EndProject
Project("{8BC9CEB8-8B4A-11D0-8D11-00A0C91BC942}") = "RealtimeScreenShare_GDI", "RealtimeScreenShare_GDI\RealtimeScreenShare_GDI.vcproj", "{3F97D36B-5D15-416C-BB47-D9B5351F06F6}"
EndProject
Project("{8BC9CEB8-8B4A-11D0-8D11-00A0C91BC942}") = "StretchRectDemo_NA", "StretchRectDemo\StretchRectDemo.vcproj", "{EB6A37FE-A890-4D5E-B41D-1DB7E86104E4}"
EndProject
Project("{2150E333-8FDC-42A3-9474-1A3956D46DE8}") = "Surfaces", "Surfaces", "{CBAB12F7-0046-4FEB-AE21-46AF080CDD54}"
EndProject
Project("{8BC9CEB8-8B4A-11D0-8D11-00A0C91BC942}") = "MultiViewinSingleWindow", "MultiViewinSingleWindow\MultiViewinSingleWindow.vcproj", "{2B8D2FEB-58F5-4F39-B765-0F6615763C8A}"
EndProject
Project("{8BC9CEB8-8B4A-11D0-8D11-00A0C91BC942}") = "Font", "Font\Font.vcproj", "{A19F3BDD-36DE-4E04-8E17-08AC9BE97763}"
EndProject
Project("{8BC9CEB8-8B4A-11D0-8D11-00A0C91BC942}") = "AddressingMode", "AddressingMode\AddressingMode.vcproj", "{5FFAA069-6AD6-4021-96B8-23F725F9A2A1}"
EndProject
Project("{8BC9CEB8-8B4A-11D0-8D11-00A0C91BC942}") = "FPS", "FPS\FPS.vcproj", "{14B6C26A-5412-4704-9B0E-9C810946FFCB}"
EndProject
Project("{8BC9CEB8-8B4A-11D0-8D11-00A0C91BC942}") = "Cursor", "Cursor\Cursor.vcproj", "{B787547A-3001-44B2-A016-474E7009C21A}"
EndProject
Project("{8BC9CEB8-8B4A-11D0-8D11-00A0C91BC942}") = "RealtimeScreenCopy_MultiThead", "RealtimeScreenCopy_MultiThead\RealtimeScreenCopy_MultiThead.vcproj", "{14ACDEC7-6B3F-4265-9403-3AE716A748DA}"
EndProject
Project("{8BC9CEB8-8B4A-11D0-8D11-00A0C91BC942}") = "Fog", "Fog\Fog.vcproj", "{CC5AD84D-4B45-4ECB-8D46-39BE9A14C991}"
EndProject
Project("{2150E333-8FDC-42A3-9474-1A3956D46DE8}") = "Lighting", "Lighting", "{3001F794-B07E-4297-81D5-A2EC41912AC2}"
EndProject
Project("{8BC9CEB8-8B4A-11D0-8D11-00A0C91BC942}") = "DXMultiViewports", "DXMultiViewports\DXMultiViewports.vcproj", "{5F8C6D08-A282-4869-8F30-B9A89456B683}"
EndProject
Project("{8BC9CEB8-8B4A-11D0-8D11-00A0C91BC942}") = "RenderToTexture", "RenderToTexture\RenderToTexture.vcproj", "{A2449226-FA0B-462C-A46B-552932901175}"
EndProject
Project("{2150E333-8FDC-42A3-9474-1A3956D46DE8}") = "Common", "Common", "{EA0FB3E9-2EEB-4751-B0B4-1C4B0C082AC1}"
EndProject
Project("{8BC9CEB8-8B4A-11D0-8D11-00A0C91BC942}") = "ModelCamera", "ModelCamera\ModelCamera.vcproj", "{35113C58-5C8B-4139-BF14-2571A9F0BC32}"
EndProject
Project("{2150E333-8FDC-42A3-9474-1A3956D46DE8}") = "Transform", "Transform", "{CC9D2C72-8131-4C7A-BB6D-5ED936D4550D}"
EndProject
Project("{8BC9CEB8-8B4A-11D0-8D11-00A0C91BC942}") = "RotationIndependently", "RotateIndependently\RotateIndependently.vcproj", "{31894A77-197F-4A8A-9BBA-6391364C4FA4}"
EndProject
Project("{8BC9CEB8-8B4A-11D0-8D11-00A0C91BC942}") = "RendertoTexture_DynamicScene", "RendertoTexture_DynamicScene\RendertoTexture_DynamicScene.vcproj", "{94647CE7-C569-472A-888E-BE0567CA57C0}"
EndProject
Project("{8BC9CEB8-8B4A-11D0-8D11-00A0C91BC942}") = "FirstPersonViewCamera", "FirstPersonViewCamera\FirstPersonViewCamera.vcproj", "{61904832-B17E-46B9-8836-7A6979872016}"
EndProject
Project("{8BC9CEB8-8B4A-11D0-8D11-00A0C91BC942}") = "Balls0", "Balls\Balls.vcproj", "{B9E15F1B-7A82-4830-83D2-3BE7E63E8445}"
	ProjectSection(ProjectDependencies) = postProject
		{E87E629B-27FC-4027-BC72-64EF2BA53C12} = {E87E629B-27FC-4027-BC72-64EF2BA53C12}
	EndProjectSection
EndProject
Project("{8BC9CEB8-8B4A-11D0-8D11-00A0C91BC942}") = "Balls1", "Ball1\Ball1.vcproj", "{84FB81AE-4143-4A92-8B9D-E7251BDF4AC4}"
	ProjectSection(ProjectDependencies) = postProject
		{E87E629B-27FC-4027-BC72-64EF2BA53C12} = {E87E629B-27FC-4027-BC72-64EF2BA53C12}
	EndProjectSection
EndProject
Project("{8BC9CEB8-8B4A-11D0-8D11-00A0C91BC942}") = "Base", "Base\Base.vcproj", "{E87E629B-27FC-4027-BC72-64EF2BA53C12}"
EndProject
Project("{8BC9CEB8-8B4A-11D0-8D11-00A0C91BC942}") = "Balls2", "Balls2\Balls2.vcproj", "{4A9203B2-E4D0-42D9-B6CC-EB8CFB80DE9C}"
	ProjectSection(ProjectDependencies) = postProject
		{E87E629B-27FC-4027-BC72-64EF2BA53C12} = {E87E629B-27FC-4027-BC72-64EF2BA53C12}
	EndProjectSection
EndProject
Project("{8BC9CEB8-8B4A-11D0-8D11-00A0C91BC942}") = "Balls3", "Balls3\Balls3.vcproj", "{9F7C6C68-9E0E-420E-8638-3E0416148D1C}"
	ProjectSection(ProjectDependencies) = postProject
		{E87E629B-27FC-4027-BC72-64EF2BA53C12} = {E87E629B-27FC-4027-BC72-64EF2BA53C12}
	EndProjectSection
EndProject
Project("{8BC9CEB8-8B4A-11D0-8D11-00A0C91BC942}") = "CameraTrace", "CameraTrace\CameraTrace.vcproj", "{983C52AF-66D5-49E6-B3F2-6BC3EBBF672E}"
EndProject
Project("{8BC9CEB8-8B4A-11D0-8D11-00A0C91BC942}") = "UseDXPointSprites", "UseDXPointSprites\UseDXPointSprites.vcproj", "{F0AF44AB-DDCA-4EDA-977D-AB78FD648CC1}"
EndProject
Project("{8BC9CEB8-8B4A-11D0-8D11-00A0C91BC942}") = "Resize3DScene", "Resize3DScene\Resize3DScene.vcproj", "{B2BDF2E6-073A-4543-B19C-4B648F665CF5}"
EndProject
Project("{8BC9CEB8-8B4A-11D0-8D11-00A0C91BC942}") = "SphericalTextureMapping", "SphericalTextureMapping\SphericalTextureMapping.vcproj", "{ACA034EE-6175-47ED-AF16-787BFEE15D95}"
EndProject
Project("{8BC9CEB8-8B4A-11D0-8D11-00A0C91BC942}") = "SphericalMappingByVertexNormal", "SphericalMapping_LinearMap\SphericalMapping_LinearMap.vcproj", "{E85E3628-523D-4118-A952-AB3D9CB1A945}"
EndProject
Project("{8BC9CEB8-8B4A-11D0-8D11-00A0C91BC942}") = "SphericalMappingByVertexPosition", "Sphericalmappingbyvertexposition\Sphericalmappingbyvertexposition.vcproj", "{4BE4B593-A44C-4129-9EC5-4218761C5120}"
EndProject
Project("{2150E333-8FDC-42A3-9474-1A3956D46DE8}") = "EnvironmentMapping", "EnvironmentMapping", "{97F6F814-9CC4-48CB-9376-7B7B227FC460}"
EndProject
Project("{8BC9CEB8-8B4A-11D0-8D11-00A0C91BC942}") = "FrustumnCulling", "FrustumnClipping\FrustumnClipping.vcproj", "{044CA344-D881-47A2-B375-388CCA64B842}"
EndProject
Project("{8BC9CEB8-8B4A-11D0-8D11-00A0C91BC942}") = "Translation", "Translation\Translation.vcproj", "{38F625C6-202D-4411-96E9-4969FB18FA41}"
EndProject
Project("{8BC9CEB8-8B4A-11D0-8D11-00A0C91BC942}") = "QuadTree", "QuadTree\QuadTree.vcproj", "{0B9BE4A4-7DD4-4D84-AE4F-CDC6CE0AEF46}"
EndProject
Project("{2150E333-8FDC-42A3-9474-1A3956D46DE8}") = "Basic", "Basic", "{A80434C3-0047-4B04-B5DE-492CB31179CE}"
EndProject
Project("{8BC9CEB8-8B4A-11D0-8D11-00A0C91BC942}") = "IndexBuffer", "IndexBuffer\IndexBuffer.vcproj", "{1791E508-94C2-4B8F-8EB9-B1D8A76530F8}"
EndProject
Project("{8BC9CEB8-8B4A-11D0-8D11-00A0C91BC942}") = "Mesh", "Mesh\Mesh.vcproj", "{7EDFB9FE-E56B-4A1F-98B7-A2FF17E7B9B7}"
EndProject
Project("{8BC9CEB8-8B4A-11D0-8D11-00A0C91BC942}") = "ComputeNormals", "ComputeNormals\ComputeNormals.vcproj", "{AAE0E65C-CB6D-45E5-86CC-5E2498CBD46B}"
EndProject
Project("{8BC9CEB8-8B4A-11D0-8D11-00A0C91BC942}") = "VertexBuffer", "VertexBuffer\VertexBuffer.vcproj", "{26FC9E4D-21FB-4F03-A648-3857212CCF7B}"
EndProject
Project("{8BC9CEB8-8B4A-11D0-8D11-00A0C91BC942}") = "GeometryType", "GeometryType\GeometryType.vcproj", "{E61600B7-304B-4D99-8514-CD8767432499}"
EndProject
Project("{8BC9CEB8-8B4A-11D0-8D11-00A0C91BC942}") = "PointLight", "PointLight\PointLight.vcproj", "{4848FBE1-E058-4E6F-839E-CAD28912E128}"
EndProject
Project("{8BC9CEB8-8B4A-11D0-8D11-00A0C91BC942}") = "DirectionalLight", "DirectionalLight\DirectionalLight.vcproj", "{E8BA738A-B109-4C25-BAEE-F5E1C977A700}"
EndProject
Project("{8BC9CEB8-8B4A-11D0-8D11-00A0C91BC942}") = "MaterialOnly", "MaterialOnly\MaterialOnly.vcproj", "{C7BDE0E0-B3C5-4093-95D1-6BAD3CB3A5C5}"
EndProject
Project("{8BC9CEB8-8B4A-11D0-8D11-00A0C91BC942}") = "MultipleMaterial", "MultipleMaterial\MultipleMaterial.vcproj", "{E3631433-0745-4334-ABAE-CF9C7BA8BD94}"
EndProject
Project("{8BC9CEB8-8B4A-11D0-8D11-00A0C91BC942}") = "SpotLight", "SpotLight\SpotLight.vcproj", "{B68D5272-4FF2-4878-A06D-EC16903CBF45}"
EndProject
Project("{8BC9CEB8-8B4A-11D0-8D11-00A0C91BC942}") = "ManuallyBuildWorldMatrix", "ManuallyBuildWorldMatrix\ManuallyBuildWorldMatrix.vcproj", "{AFC24D0B-263A-471E-9491-BB3CD8382B69}"
EndProject
Project("{8BC9CEB8-8B4A-11D0-8D11-00A0C91BC942}") = "ManuallyBuildViewMatrix", "ManuallyBuildViewMatrix\ManuallyBuildViewMatrix.vcproj", "{E1FBD6BF-FC98-442F-AD7A-CFC350B91E5F}"
EndProject
Project("{8BC9CEB8-8B4A-11D0-8D11-00A0C91BC942}") = "ManuallyBuildProjectionMatrix", "ManuallyBuildProjectionMatrix\ManuallyBuildProjectionMatrix.vcproj", "{1D540889-43B8-418E-9932-BB18C09122EF}"
EndProject
Project("{8BC9CEB8-8B4A-11D0-8D11-00A0C91BC942}") = "SpecialEffects", "SpecialEffects\SpecialEffects.vcproj", "{790583A8-B860-444E-B523-A534B823AA2A}"
EndProject
Project("{8BC9CEB8-8B4A-11D0-8D11-00A0C91BC942}") = "HandleDeviceLost", "HandleDeviceLost\HandleDeviceLost.vcproj", "{2B8D3AF7-0544-43E5-ACD6-10762989A599}"
EndProject
Project("{8BC9CEB8-8B4A-11D0-8D11-00A0C91BC942}") = "RenderOnDesktop", "RenderOnDesktop\RenderOnDesktop.vcproj", "{F23E116F-0A8B-4BC2-AF31-C37048A76229}"
EndProject
Project("{2150E333-8FDC-42A3-9474-1A3956D46DE8}") = "Alpha_Blend", "Alpha_Blend", "{9CBBFC69-4635-46C8-B129-5075D3A09DBF}"
EndProject
Project("{8BC9CEB8-8B4A-11D0-8D11-00A0C91BC942}") = "VertexAlpha", "VertexAlpha\VertexAlpha.vcproj", "{4B518A1E-4729-4EA1-B85F-243CC6046899}"
EndProject
Project("{8BC9CEB8-8B4A-11D0-8D11-00A0C91BC942}") = "DrawTrianglList", "DrawTrianglList\DrawTrianglList.vcproj", "{77FD5C42-1937-4091-8D5C-A9E20846AC4D}"
EndProject
Project("{8BC9CEB8-8B4A-11D0-8D11-00A0C91BC942}") = "DrawTriangleStrip", "DrawTriangleStrip\DrawTriangleStrip.vcproj", "{862AC25B-2303-4C73-99DB-E93748400318}"
EndProject
Global
	GlobalSection(SolutionConfigurationPlatforms) = preSolution
		Debug|Win32 = Debug|Win32
		Release|Win32 = Release|Win32
	EndGlobalSection
	GlobalSection(ProjectConfigurationPlatforms) = postSolution
		{35D3AC98-F045-4125-8B76-E168EA5E6385}.Debug|Win32.ActiveCfg = Debug|Win32
		{35D3AC98-F045-4125-8B76-E168EA5E6385}.Debug|Win32.Build.0 = Debug|Win32
		{35D3AC98-F045-4125-8B76-E168EA5E6385}.Release|Win32.ActiveCfg = Release|Win32
		{35D3AC98-F045-4125-8B76-E168EA5E6385}.Release|Win32.Build.0 = Release|Win32
		{DC15FB77-F6C2-4DE0-9199-A66B352AD7EE}.Debug|Win32.ActiveCfg = Debug|Win32
		{DC15FB77-F6C2-4DE0-9199-A66B352AD7EE}.Debug|Win32.Build.0 = Debug|Win32
		{DC15FB77-F6C2-4DE0-9199-A66B352AD7EE}.Release|Win32.ActiveCfg = Release|Win32
		{DC15FB77-F6C2-4DE0-9199-A66B352AD7EE}.Release|Win32.Build.0 = Release|Win32
		{9582B6F5-F5DB-4B62-86B2-7D73181D08FB}.Debug|Win32.ActiveCfg = Debug|Win32
		{9582B6F5-F5DB-4B62-86B2-7D73181D08FB}.Debug|Win32.Build.0 = Debug|Win32
		{9582B6F5-F5DB-4B62-86B2-7D73181D08FB}.Release|Win32.ActiveCfg = Release|Win32
		{9582B6F5-F5DB-4B62-86B2-7D73181D08FB}.Release|Win32.Build.0 = Release|Win32
		{879DDAB3-107B-48DD-8F5B-1C8FFA827A3F}.Debug|Win32.ActiveCfg = Debug|Win32
		{879DDAB3-107B-48DD-8F5B-1C8FFA827A3F}.Debug|Win32.Build.0 = Debug|Win32
		{879DDAB3-107B-48DD-8F5B-1C8FFA827A3F}.Release|Win32.ActiveCfg = Release|Win32
		{879DDAB3-107B-48DD-8F5B-1C8FFA827A3F}.Release|Win32.Build.0 = Release|Win32
		{D05AC399-E506-4376-9F3F-0B4C139C2EC4}.Debug|Win32.ActiveCfg = Debug|Win32
		{D05AC399-E506-4376-9F3F-0B4C139C2EC4}.Debug|Win32.Build.0 = Debug|Win32
		{D05AC399-E506-4376-9F3F-0B4C139C2EC4}.Release|Win32.ActiveCfg = Release|Win32
		{D05AC399-E506-4376-9F3F-0B4C139C2EC4}.Release|Win32.Build.0 = Release|Win32
		{34E5A188-42B2-404F-B33D-26ECA64FB291}.Debug|Win32.ActiveCfg = Debug|Win32
		{34E5A188-42B2-404F-B33D-26ECA64FB291}.Debug|Win32.Build.0 = Debug|Win32
		{34E5A188-42B2-404F-B33D-26ECA64FB291}.Release|Win32.ActiveCfg = Release|Win32
		{34E5A188-42B2-404F-B33D-26ECA64FB291}.Release|Win32.Build.0 = Release|Win32
		{7C97B44E-B943-4C25-A8D4-1EA69BEF28D6}.Debug|Win32.ActiveCfg = Debug|Win32
		{7C97B44E-B943-4C25-A8D4-1EA69BEF28D6}.Debug|Win32.Build.0 = Debug|Win32
		{7C97B44E-B943-4C25-A8D4-1EA69BEF28D6}.Release|Win32.ActiveCfg = Release|Win32
		{7C97B44E-B943-4C25-A8D4-1EA69BEF28D6}.Release|Win32.Build.0 = Release|Win32
		{69493065-12E6-4B76-B428-5C600FFBA98C}.Debug|Win32.ActiveCfg = Debug|Win32
		{69493065-12E6-4B76-B428-5C600FFBA98C}.Debug|Win32.Build.0 = Debug|Win32
		{69493065-12E6-4B76-B428-5C600FFBA98C}.Release|Win32.ActiveCfg = Release|Win32
		{69493065-12E6-4B76-B428-5C600FFBA98C}.Release|Win32.Build.0 = Release|Win32
		{208364BC-352A-4123-AF69-FB0A557EA859}.Debug|Win32.ActiveCfg = Debug|Win32
		{208364BC-352A-4123-AF69-FB0A557EA859}.Debug|Win32.Build.0 = Debug|Win32
		{208364BC-352A-4123-AF69-FB0A557EA859}.Release|Win32.ActiveCfg = Release|Win32
		{208364BC-352A-4123-AF69-FB0A557EA859}.Release|Win32.Build.0 = Release|Win32
		{209C9E01-A00A-40AD-A9D8-69D0D7BE1E11}.Debug|Win32.ActiveCfg = Debug|Win32
		{209C9E01-A00A-40AD-A9D8-69D0D7BE1E11}.Debug|Win32.Build.0 = Debug|Win32
		{209C9E01-A00A-40AD-A9D8-69D0D7BE1E11}.Release|Win32.ActiveCfg = Release|Win32
		{209C9E01-A00A-40AD-A9D8-69D0D7BE1E11}.Release|Win32.Build.0 = Release|Win32
		{5B01F2AB-0A62-4D5D-90FD-C870512A4721}.Debug|Win32.ActiveCfg = Debug|Win32
		{5B01F2AB-0A62-4D5D-90FD-C870512A4721}.Debug|Win32.Build.0 = Debug|Win32
		{5B01F2AB-0A62-4D5D-90FD-C870512A4721}.Release|Win32.ActiveCfg = Release|Win32
		{5B01F2AB-0A62-4D5D-90FD-C870512A4721}.Release|Win32.Build.0 = Release|Win32
		{C1F49E5E-10F2-4C04-A09C-FC38EAFEF9D5}.Debug|Win32.ActiveCfg = Debug|Win32
		{C1F49E5E-10F2-4C04-A09C-FC38EAFEF9D5}.Debug|Win32.Build.0 = Debug|Win32
		{C1F49E5E-10F2-4C04-A09C-FC38EAFEF9D5}.Release|Win32.ActiveCfg = Release|Win32
		{C1F49E5E-10F2-4C04-A09C-FC38EAFEF9D5}.Release|Win32.Build.0 = Release|Win32
		{B663A084-2C37-46CC-9A1A-0ACCD64703D5}.Debug|Win32.ActiveCfg = Debug|Win32
		{B663A084-2C37-46CC-9A1A-0ACCD64703D5}.Debug|Win32.Build.0 = Debug|Win32
		{B663A084-2C37-46CC-9A1A-0ACCD64703D5}.Release|Win32.ActiveCfg = Release|Win32
		{B663A084-2C37-46CC-9A1A-0ACCD64703D5}.Release|Win32.Build.0 = Release|Win32
		{67AB0C48-858F-464E-98D4-85BF8A7758B8}.Debug|Win32.ActiveCfg = Debug|Win32
		{67AB0C48-858F-464E-98D4-85BF8A7758B8}.Debug|Win32.Build.0 = Debug|Win32
		{67AB0C48-858F-464E-98D4-85BF8A7758B8}.Release|Win32.ActiveCfg = Release|Win32
		{67AB0C48-858F-464E-98D4-85BF8A7758B8}.Release|Win32.Build.0 = Release|Win32
		{1D4DAE4B-94B2-4F50-8F2A-22A257A28CF4}.Debug|Win32.ActiveCfg = Debug|Win32
		{1D4DAE4B-94B2-4F50-8F2A-22A257A28CF4}.Debug|Win32.Build.0 = Debug|Win32
		{1D4DAE4B-94B2-4F50-8F2A-22A257A28CF4}.Release|Win32.ActiveCfg = Release|Win32
		{1D4DAE4B-94B2-4F50-8F2A-22A257A28CF4}.Release|Win32.Build.0 = Release|Win32
		{07A28BAF-7532-4F3E-8B7A-A78D04DE43EB}.Debug|Win32.ActiveCfg = Debug|Win32
		{07A28BAF-7532-4F3E-8B7A-A78D04DE43EB}.Debug|Win32.Build.0 = Debug|Win32
		{07A28BAF-7532-4F3E-8B7A-A78D04DE43EB}.Release|Win32.ActiveCfg = Release|Win32
		{07A28BAF-7532-4F3E-8B7A-A78D04DE43EB}.Release|Win32.Build.0 = Release|Win32
		{A4C11A57-4BB0-42D8-B1DF-CD15C2DBCF60}.Debug|Win32.ActiveCfg = Debug|Win32
		{A4C11A57-4BB0-42D8-B1DF-CD15C2DBCF60}.Debug|Win32.Build.0 = Debug|Win32
		{A4C11A57-4BB0-42D8-B1DF-CD15C2DBCF60}.Release|Win32.ActiveCfg = Release|Win32
		{A4C11A57-4BB0-42D8-B1DF-CD15C2DBCF60}.Release|Win32.Build.0 = Release|Win32
		{E22AC46A-3D9C-44A8-9AA5-8001FE4AC267}.Debug|Win32.ActiveCfg = Debug|Win32
		{E22AC46A-3D9C-44A8-9AA5-8001FE4AC267}.Debug|Win32.Build.0 = Debug|Win32
		{E22AC46A-3D9C-44A8-9AA5-8001FE4AC267}.Release|Win32.ActiveCfg = Release|Win32
		{E22AC46A-3D9C-44A8-9AA5-8001FE4AC267}.Release|Win32.Build.0 = Release|Win32
		{13173755-7DB1-48CE-B735-B841442FC38A}.Debug|Win32.ActiveCfg = Debug|Win32
		{13173755-7DB1-48CE-B735-B841442FC38A}.Debug|Win32.Build.0 = Debug|Win32
		{13173755-7DB1-48CE-B735-B841442FC38A}.Release|Win32.ActiveCfg = Release|Win32
		{13173755-7DB1-48CE-B735-B841442FC38A}.Release|Win32.Build.0 = Release|Win32
		{64B61128-45D4-461C-9999-A3F5EE1372BE}.Debug|Win32.ActiveCfg = Debug|Win32
		{64B61128-45D4-461C-9999-A3F5EE1372BE}.Debug|Win32.Build.0 = Debug|Win32
		{64B61128-45D4-461C-9999-A3F5EE1372BE}.Release|Win32.ActiveCfg = Release|Win32
		{64B61128-45D4-461C-9999-A3F5EE1372BE}.Release|Win32.Build.0 = Release|Win32
		{7FD29ED7-1B81-4DEB-98BA-01A2D1A33015}.Debug|Win32.ActiveCfg = Debug|Win32
		{7FD29ED7-1B81-4DEB-98BA-01A2D1A33015}.Debug|Win32.Build.0 = Debug|Win32
		{7FD29ED7-1B81-4DEB-98BA-01A2D1A33015}.Release|Win32.ActiveCfg = Release|Win32
		{7FD29ED7-1B81-4DEB-98BA-01A2D1A33015}.Release|Win32.Build.0 = Release|Win32
		{68BF6C7D-2DEB-4A00-BD59-9F39B2A6CA8A}.Debug|Win32.ActiveCfg = Debug|Win32
		{68BF6C7D-2DEB-4A00-BD59-9F39B2A6CA8A}.Debug|Win32.Build.0 = Debug|Win32
		{68BF6C7D-2DEB-4A00-BD59-9F39B2A6CA8A}.Release|Win32.ActiveCfg = Release|Win32
		{68BF6C7D-2DEB-4A00-BD59-9F39B2A6CA8A}.Release|Win32.Build.0 = Release|Win32
		{A9DEEFAF-FB39-4025-BBF5-06DAE412DF32}.Debug|Win32.ActiveCfg = Debug|Win32
		{A9DEEFAF-FB39-4025-BBF5-06DAE412DF32}.Debug|Win32.Build.0 = Debug|Win32
		{A9DEEFAF-FB39-4025-BBF5-06DAE412DF32}.Release|Win32.ActiveCfg = Release|Win32
		{A9DEEFAF-FB39-4025-BBF5-06DAE412DF32}.Release|Win32.Build.0 = Release|Win32
		{3F97D36B-5D15-416C-BB47-D9B5351F06F6}.Debug|Win32.ActiveCfg = Debug|Win32
		{3F97D36B-5D15-416C-BB47-D9B5351F06F6}.Debug|Win32.Build.0 = Debug|Win32
		{3F97D36B-5D15-416C-BB47-D9B5351F06F6}.Release|Win32.ActiveCfg = Release|Win32
		{3F97D36B-5D15-416C-BB47-D9B5351F06F6}.Release|Win32.Build.0 = Release|Win32
		{EB6A37FE-A890-4D5E-B41D-1DB7E86104E4}.Debug|Win32.ActiveCfg = Debug|Win32
		{EB6A37FE-A890-4D5E-B41D-1DB7E86104E4}.Debug|Win32.Build.0 = Debug|Win32
		{EB6A37FE-A890-4D5E-B41D-1DB7E86104E4}.Release|Win32.ActiveCfg = Release|Win32
		{EB6A37FE-A890-4D5E-B41D-1DB7E86104E4}.Release|Win32.Build.0 = Release|Win32
		{2B8D2FEB-58F5-4F39-B765-0F6615763C8A}.Debug|Win32.ActiveCfg = Debug|Win32
		{2B8D2FEB-58F5-4F39-B765-0F6615763C8A}.Debug|Win32.Build.0 = Debug|Win32
		{2B8D2FEB-58F5-4F39-B765-0F6615763C8A}.Release|Win32.ActiveCfg = Release|Win32
		{2B8D2FEB-58F5-4F39-B765-0F6615763C8A}.Release|Win32.Build.0 = Release|Win32
		{A19F3BDD-36DE-4E04-8E17-08AC9BE97763}.Debug|Win32.ActiveCfg = Debug|Win32
		{A19F3BDD-36DE-4E04-8E17-08AC9BE97763}.Debug|Win32.Build.0 = Debug|Win32
		{A19F3BDD-36DE-4E04-8E17-08AC9BE97763}.Release|Win32.ActiveCfg = Release|Win32
		{A19F3BDD-36DE-4E04-8E17-08AC9BE97763}.Release|Win32.Build.0 = Release|Win32
		{5FFAA069-6AD6-4021-96B8-23F725F9A2A1}.Debug|Win32.ActiveCfg = Debug|Win32
		{5FFAA069-6AD6-4021-96B8-23F725F9A2A1}.Debug|Win32.Build.0 = Debug|Win32
		{5FFAA069-6AD6-4021-96B8-23F725F9A2A1}.Release|Win32.ActiveCfg = Release|Win32
		{5FFAA069-6AD6-4021-96B8-23F725F9A2A1}.Release|Win32.Build.0 = Release|Win32
		{14B6C26A-5412-4704-9B0E-9C810946FFCB}.Debug|Win32.ActiveCfg = Debug|Win32
		{14B6C26A-5412-4704-9B0E-9C810946FFCB}.Debug|Win32.Build.0 = Debug|Win32
		{14B6C26A-5412-4704-9B0E-9C810946FFCB}.Release|Win32.ActiveCfg = Release|Win32
		{14B6C26A-5412-4704-9B0E-9C810946FFCB}.Release|Win32.Build.0 = Release|Win32
		{B787547A-3001-44B2-A016-474E7009C21A}.Debug|Win32.ActiveCfg = Debug|Win32
		{B787547A-3001-44B2-A016-474E7009C21A}.Debug|Win32.Build.0 = Debug|Win32
		{B787547A-3001-44B2-A016-474E7009C21A}.Release|Win32.ActiveCfg = Release|Win32
		{B787547A-3001-44B2-A016-474E7009C21A}.Release|Win32.Build.0 = Release|Win32
		{14ACDEC7-6B3F-4265-9403-3AE716A748DA}.Debug|Win32.ActiveCfg = Debug|Win32
		{14ACDEC7-6B3F-4265-9403-3AE716A748DA}.Debug|Win32.Build.0 = Debug|Win32
		{14ACDEC7-6B3F-4265-9403-3AE716A748DA}.Release|Win32.ActiveCfg = Release|Win32
		{14ACDEC7-6B3F-4265-9403-3AE716A748DA}.Release|Win32.Build.0 = Release|Win32
		{CC5AD84D-4B45-4ECB-8D46-39BE9A14C991}.Debug|Win32.ActiveCfg = Debug|Win32
		{CC5AD84D-4B45-4ECB-8D46-39BE9A14C991}.Debug|Win32.Build.0 = Debug|Win32
		{CC5AD84D-4B45-4ECB-8D46-39BE9A14C991}.Release|Win32.ActiveCfg = Release|Win32
		{CC5AD84D-4B45-4ECB-8D46-39BE9A14C991}.Release|Win32.Build.0 = Release|Win32
		{5F8C6D08-A282-4869-8F30-B9A89456B683}.Debug|Win32.ActiveCfg = Debug|Win32
		{5F8C6D08-A282-4869-8F30-B9A89456B683}.Debug|Win32.Build.0 = Debug|Win32
		{5F8C6D08-A282-4869-8F30-B9A89456B683}.Release|Win32.ActiveCfg = Release|Win32
		{5F8C6D08-A282-4869-8F30-B9A89456B683}.Release|Win32.Build.0 = Release|Win32
		{A2449226-FA0B-462C-A46B-552932901175}.Debug|Win32.ActiveCfg = Debug|Win32
		{A2449226-FA0B-462C-A46B-552932901175}.Debug|Win32.Build.0 = Debug|Win32
		{A2449226-FA0B-462C-A46B-552932901175}.Release|Win32.ActiveCfg = Release|Win32
		{A2449226-FA0B-462C-A46B-552932901175}.Release|Win32.Build.0 = Release|Win32
		{35113C58-5C8B-4139-BF14-2571A9F0BC32}.Debug|Win32.ActiveCfg = Debug|Win32
		{35113C58-5C8B-4139-BF14-2571A9F0BC32}.Debug|Win32.Build.0 = Debug|Win32
		{35113C58-5C8B-4139-BF14-2571A9F0BC32}.Release|Win32.ActiveCfg = Release|Win32
		{35113C58-5C8B-4139-BF14-2571A9F0BC32}.Release|Win32.Build.0 = Release|Win32
		{31894A77-197F-4A8A-9BBA-6391364C4FA4}.Debug|Win32.ActiveCfg = Debug|Win32
		{31894A77-197F-4A8A-9BBA-6391364C4FA4}.Debug|Win32.Build.0 = Debug|Win32
		{31894A77-197F-4A8A-9BBA-6391364C4FA4}.Release|Win32.ActiveCfg = Release|Win32
		{31894A77-197F-4A8A-9BBA-6391364C4FA4}.Release|Win32.Build.0 = Release|Win32
		{94647CE7-C569-472A-888E-BE0567CA57C0}.Debug|Win32.ActiveCfg = Debug|Win32
		{94647CE7-C569-472A-888E-BE0567CA57C0}.Debug|Win32.Build.0 = Debug|Win32
		{94647CE7-C569-472A-888E-BE0567CA57C0}.Release|Win32.ActiveCfg = Release|Win32
		{94647CE7-C569-472A-888E-BE0567CA57C0}.Release|Win32.Build.0 = Release|Win32
		{61904832-B17E-46B9-8836-7A6979872016}.Debug|Win32.ActiveCfg = Debug|Win32
		{61904832-B17E-46B9-8836-7A6979872016}.Debug|Win32.Build.0 = Debug|Win32
		{61904832-B17E-46B9-8836-7A6979872016}.Release|Win32.ActiveCfg = Release|Win32
		{61904832-B17E-46B9-8836-7A6979872016}.Release|Win32.Build.0 = Release|Win32
		{B9E15F1B-7A82-4830-83D2-3BE7E63E8445}.Debug|Win32.ActiveCfg = Debug|Win32
		{B9E15F1B-7A82-4830-83D2-3BE7E63E8445}.Debug|Win32.Build.0 = Debug|Win32
		{B9E15F1B-7A82-4830-83D2-3BE7E63E8445}.Release|Win32.ActiveCfg = Release|Win32
		{B9E15F1B-7A82-4830-83D2-3BE7E63E8445}.Release|Win32.Build.0 = Release|Win32
		{84FB81AE-4143-4A92-8B9D-E7251BDF4AC4}.Debug|Win32.ActiveCfg = Debug|Win32
		{84FB81AE-4143-4A92-8B9D-E7251BDF4AC4}.Debug|Win32.Build.0 = Debug|Win32
		{84FB81AE-4143-4A92-8B9D-E7251BDF4AC4}.Release|Win32.ActiveCfg = Release|Win32
		{84FB81AE-4143-4A92-8B9D-E7251BDF4AC4}.Release|Win32.Build.0 = Release|Win32
		{E87E629B-27FC-4027-BC72-64EF2BA53C12}.Debug|Win32.ActiveCfg = Debug|Win32
		{E87E629B-27FC-4027-BC72-64EF2BA53C12}.Debug|Win32.Build.0 = Debug|Win32
		{E87E629B-27FC-4027-BC72-64EF2BA53C12}.Release|Win32.ActiveCfg = Release|Win32
		{E87E629B-27FC-4027-BC72-64EF2BA53C12}.Release|Win32.Build.0 = Release|Win32
		{4A9203B2-E4D0-42D9-B6CC-EB8CFB80DE9C}.Debug|Win32.ActiveCfg = Debug|Win32
		{4A9203B2-E4D0-42D9-B6CC-EB8CFB80DE9C}.Debug|Win32.Build.0 = Debug|Win32
		{4A9203B2-E4D0-42D9-B6CC-EB8CFB80DE9C}.Release|Win32.ActiveCfg = Release|Win32
		{4A9203B2-E4D0-42D9-B6CC-EB8CFB80DE9C}.Release|Win32.Build.0 = Release|Win32
		{9F7C6C68-9E0E-420E-8638-3E0416148D1C}.Debug|Win32.ActiveCfg = Debug|Win32
		{9F7C6C68-9E0E-420E-8638-3E0416148D1C}.Debug|Win32.Build.0 = Debug|Win32
		{9F7C6C68-9E0E-420E-8638-3E0416148D1C}.Release|Win32.ActiveCfg = Release|Win32
		{9F7C6C68-9E0E-420E-8638-3E0416148D1C}.Release|Win32.Build.0 = Release|Win32
		{983C52AF-66D5-49E6-B3F2-6BC3EBBF672E}.Debug|Win32.ActiveCfg = Debug|Win32
		{983C52AF-66D5-49E6-B3F2-6BC3EBBF672E}.Debug|Win32.Build.0 = Debug|Win32
		{983C52AF-66D5-49E6-B3F2-6BC3EBBF672E}.Release|Win32.ActiveCfg = Release|Win32
		{983C52AF-66D5-49E6-B3F2-6BC3EBBF672E}.Release|Win32.Build.0 = Release|Win32
		{F0AF44AB-DDCA-4EDA-977D-AB78FD648CC1}.Debug|Win32.ActiveCfg = Debug|Win32
		{F0AF44AB-DDCA-4EDA-977D-AB78FD648CC1}.Debug|Win32.Build.0 = Debug|Win32
		{F0AF44AB-DDCA-4EDA-977D-AB78FD648CC1}.Release|Win32.ActiveCfg = Release|Win32
		{F0AF44AB-DDCA-4EDA-977D-AB78FD648CC1}.Release|Win32.Build.0 = Release|Win32
		{B2BDF2E6-073A-4543-B19C-4B648F665CF5}.Debug|Win32.ActiveCfg = Debug|Win32
		{B2BDF2E6-073A-4543-B19C-4B648F665CF5}.Debug|Win32.Build.0 = Debug|Win32
		{B2BDF2E6-073A-4543-B19C-4B648F665CF5}.Release|Win32.ActiveCfg = Release|Win32
		{B2BDF2E6-073A-4543-B19C-4B648F665CF5}.Release|Win32.Build.0 = Release|Win32
		{ACA034EE-6175-47ED-AF16-787BFEE15D95}.Debug|Win32.ActiveCfg = Debug|Win32
		{ACA034EE-6175-47ED-AF16-787BFEE15D95}.Debug|Win32.Build.0 = Debug|Win32
		{ACA034EE-6175-47ED-AF16-787BFEE15D95}.Release|Win32.ActiveCfg = Release|Win32
		{ACA034EE-6175-47ED-AF16-787BFEE15D95}.Release|Win32.Build.0 = Release|Win32
		{E85E3628-523D-4118-A952-AB3D9CB1A945}.Debug|Win32.ActiveCfg = Debug|Win32
		{E85E3628-523D-4118-A952-AB3D9CB1A945}.Debug|Win32.Build.0 = Debug|Win32
		{E85E3628-523D-4118-A952-AB3D9CB1A945}.Release|Win32.ActiveCfg = Release|Win32
		{E85E3628-523D-4118-A952-AB3D9CB1A945}.Release|Win32.Build.0 = Release|Win32
		{4BE4B593-A44C-4129-9EC5-4218761C5120}.Debug|Win32.ActiveCfg = Debug|Win32
		{4BE4B593-A44C-4129-9EC5-4218761C5120}.Debug|Win32.Build.0 = Debug|Win32
		{4BE4B593-A44C-4129-9EC5-4218761C5120}.Release|Win32.ActiveCfg = Release|Win32
		{4BE4B593-A44C-4129-9EC5-4218761C5120}.Release|Win32.Build.0 = Release|Win32
		{044CA344-D881-47A2-B375-388CCA64B842}.Debug|Win32.ActiveCfg = Debug|Win32
		{044CA344-D881-47A2-B375-388CCA64B842}.Debug|Win32.Build.0 = Debug|Win32
		{044CA344-D881-47A2-B375-388CCA64B842}.Release|Win32.ActiveCfg = Release|Win32
		{044CA344-D881-47A2-B375-388CCA64B842}.Release|Win32.Build.0 = Release|Win32
		{38F625C6-202D-4411-96E9-4969FB18FA41}.Debug|Win32.ActiveCfg = Debug|Win32
		{38F625C6-202D-4411-96E9-4969FB18FA41}.Debug|Win32.Build.0 = Debug|Win32
		{38F625C6-202D-4411-96E9-4969FB18FA41}.Release|Win32.ActiveCfg = Release|Win32
		{38F625C6-202D-4411-96E9-4969FB18FA41}.Release|Win32.Build.0 = Release|Win32
		{0B9BE4A4-7DD4-4D84-AE4F-CDC6CE0AEF46}.Debug|Win32.ActiveCfg = Debug|Win32
		{0B9BE4A4-7DD4-4D84-AE4F-CDC6CE0AEF46}.Debug|Win32.Build.0 = Debug|Win32
		{0B9BE4A4-7DD4-4D84-AE4F-CDC6CE0AEF46}.Release|Win32.ActiveCfg = Release|Win32
		{0B9BE4A4-7DD4-4D84-AE4F-CDC6CE0AEF46}.Release|Win32.Build.0 = Release|Win32
		{1791E508-94C2-4B8F-8EB9-B1D8A76530F8}.Debug|Win32.ActiveCfg = Debug|Win32
		{1791E508-94C2-4B8F-8EB9-B1D8A76530F8}.Debug|Win32.Build.0 = Debug|Win32
		{1791E508-94C2-4B8F-8EB9-B1D8A76530F8}.Release|Win32.ActiveCfg = Release|Win32
		{1791E508-94C2-4B8F-8EB9-B1D8A76530F8}.Release|Win32.Build.0 = Release|Win32
		{7EDFB9FE-E56B-4A1F-98B7-A2FF17E7B9B7}.Debug|Win32.ActiveCfg = Debug|Win32
		{7EDFB9FE-E56B-4A1F-98B7-A2FF17E7B9B7}.Debug|Win32.Build.0 = Debug|Win32
		{7EDFB9FE-E56B-4A1F-98B7-A2FF17E7B9B7}.Release|Win32.ActiveCfg = Release|Win32
		{7EDFB9FE-E56B-4A1F-98B7-A2FF17E7B9B7}.Release|Win32.Build.0 = Release|Win32
		{AAE0E65C-CB6D-45E5-86CC-5E2498CBD46B}.Debug|Win32.ActiveCfg = Debug|Win32
		{AAE0E65C-CB6D-45E5-86CC-5E2498CBD46B}.Debug|Win32.Build.0 = Debug|Win32
		{AAE0E65C-CB6D-45E5-86CC-5E2498CBD46B}.Release|Win32.ActiveCfg = Release|Win32
		{AAE0E65C-CB6D-45E5-86CC-5E2498CBD46B}.Release|Win32.Build.0 = Release|Win32
		{26FC9E4D-21FB-4F03-A648-3857212CCF7B}.Debug|Win32.ActiveCfg = Debug|Win32
		{26FC9E4D-21FB-4F03-A648-3857212CCF7B}.Debug|Win32.Build.0 = Debug|Win32
		{26FC9E4D-21FB-4F03-A648-3857212CCF7B}.Release|Win32.ActiveCfg = Release|Win32
		{26FC9E4D-21FB-4F03-A648-3857212CCF7B}.Release|Win32.Build.0 = Release|Win32
		{E61600B7-304B-4D99-8514-CD8767432499}.Debug|Win32.ActiveCfg = Debug|Win32
		{E61600B7-304B-4D99-8514-CD8767432499}.Debug|Win32.Build.0 = Debug|Win32
		{E61600B7-304B-4D99-8514-CD8767432499}.Release|Win32.ActiveCfg = Release|Win32
		{E61600B7-304B-4D99-8514-CD8767432499}.Release|Win32.Build.0 = Release|Win32
		{4848FBE1-E058-4E6F-839E-CAD28912E128}.Debug|Win32.ActiveCfg = Debug|Win32
		{4848FBE1-E058-4E6F-839E-CAD28912E128}.Debug|Win32.Build.0 = Debug|Win32
		{4848FBE1-E058-4E6F-839E-CAD28912E128}.Release|Win32.ActiveCfg = Release|Win32
		{4848FBE1-E058-4E6F-839E-CAD28912E128}.Release|Win32.Build.0 = Release|Win32
		{E8BA738A-B109-4C25-BAEE-F5E1C977A700}.Debug|Win32.ActiveCfg = Debug|Win32
		{E8BA738A-B109-4C25-BAEE-F5E1C977A700}.Debug|Win32.Build.0 = Debug|Win32
		{E8BA738A-B109-4C25-BAEE-F5E1C977A700}.Release|Win32.ActiveCfg = Release|Win32
		{E8BA738A-B109-4C25-BAEE-F5E1C977A700}.Release|Win32.Build.0 = Release|Win32
		{C7BDE0E0-B3C5-4093-95D1-6BAD3CB3A5C5}.Debug|Win32.ActiveCfg = Debug|Win32
		{C7BDE0E0-B3C5-4093-95D1-6BAD3CB3A5C5}.Debug|Win32.Build.0 = Debug|Win32
		{C7BDE0E0-B3C5-4093-95D1-6BAD3CB3A5C5}.Release|Win32.ActiveCfg = Release|Win32
		{C7BDE0E0-B3C5-4093-95D1-6BAD3CB3A5C5}.Release|Win32.Build.0 = Release|Win32
		{E3631433-0745-4334-ABAE-CF9C7BA8BD94}.Debug|Win32.ActiveCfg = Debug|Win32
		{E3631433-0745-4334-ABAE-CF9C7BA8BD94}.Debug|Win32.Build.0 = Debug|Win32
		{E3631433-0745-4334-ABAE-CF9C7BA8BD94}.Release|Win32.ActiveCfg = Release|Win32
		{E3631433-0745-4334-ABAE-CF9C7BA8BD94}.Release|Win32.Build.0 = Release|Win32
		{B68D5272-4FF2-4878-A06D-EC16903CBF45}.Debug|Win32.ActiveCfg = Debug|Win32
		{B68D5272-4FF2-4878-A06D-EC16903CBF45}.Debug|Win32.Build.0 = Debug|Win32
		{B68D5272-4FF2-4878-A06D-EC16903CBF45}.Release|Win32.ActiveCfg = Release|Win32
		{B68D5272-4FF2-4878-A06D-EC16903CBF45}.Release|Win32.Build.0 = Release|Win32
		{AFC24D0B-263A-471E-9491-BB3CD8382B69}.Debug|Win32.ActiveCfg = Debug|Win32
		{AFC24D0B-263A-471E-9491-BB3CD8382B69}.Debug|Win32.Build.0 = Debug|Win32
		{AFC24D0B-263A-471E-9491-BB3CD8382B69}.Release|Win32.ActiveCfg = Release|Win32
		{AFC24D0B-263A-471E-9491-BB3CD8382B69}.Release|Win32.Build.0 = Release|Win32
		{E1FBD6BF-FC98-442F-AD7A-CFC350B91E5F}.Debug|Win32.ActiveCfg = Debug|Win32
		{E1FBD6BF-FC98-442F-AD7A-CFC350B91E5F}.Debug|Win32.Build.0 = Debug|Win32
		{E1FBD6BF-FC98-442F-AD7A-CFC350B91E5F}.Release|Win32.ActiveCfg = Release|Win32
		{E1FBD6BF-FC98-442F-AD7A-CFC350B91E5F}.Release|Win32.Build.0 = Release|Win32
		{1D540889-43B8-418E-9932-BB18C09122EF}.Debug|Win32.ActiveCfg = Debug|Win32
		{1D540889-43B8-418E-9932-BB18C09122EF}.Debug|Win32.Build.0 = Debug|Win32
		{1D540889-43B8-418E-9932-BB18C09122EF}.Release|Win32.ActiveCfg = Release|Win32
		{1D540889-43B8-418E-9932-BB18C09122EF}.Release|Win32.Build.0 = Release|Win32
		{790583A8-B860-444E-B523-A534B823AA2A}.Debug|Win32.ActiveCfg = Debug|Win32
		{790583A8-B860-444E-B523-A534B823AA2A}.Debug|Win32.Build.0 = Debug|Win32
		{790583A8-B860-444E-B523-A534B823AA2A}.Release|Win32.ActiveCfg = Release|Win32
		{790583A8-B860-444E-B523-A534B823AA2A}.Release|Win32.Build.0 = Release|Win32
		{2B8D3AF7-0544-43E5-ACD6-10762989A599}.Debug|Win32.ActiveCfg = Debug|Win32
		{2B8D3AF7-0544-43E5-ACD6-10762989A599}.Debug|Win32.Build.0 = Debug|Win32
		{2B8D3AF7-0544-43E5-ACD6-10762989A599}.Release|Win32.ActiveCfg = Release|Win32
		{2B8D3AF7-0544-43E5-ACD6-10762989A599}.Release|Win32.Build.0 = Release|Win32
		{F23E116F-0A8B-4BC2-AF31-C37048A76229}.Debug|Win32.ActiveCfg = Debug|Win32
		{F23E116F-0A8B-4BC2-AF31-C37048A76229}.Debug|Win32.Build.0 = Debug|Win32
		{F23E116F-0A8B-4BC2-AF31-C37048A76229}.Release|Win32.ActiveCfg = Release|Win32
		{F23E116F-0A8B-4BC2-AF31-C37048A76229}.Release|Win32.Build.0 = Release|Win32
		{4B518A1E-4729-4EA1-B85F-243CC6046899}.Debug|Win32.ActiveCfg = Debug|Win32
		{4B518A1E-4729-4EA1-B85F-243CC6046899}.Debug|Win32.Build.0 = Debug|Win32
		{4B518A1E-4729-4EA1-B85F-243CC6046899}.Release|Win32.ActiveCfg = Release|Win32
		{4B518A1E-4729-4EA1-B85F-243CC6046899}.Release|Win32.Build.0 = Release|Win32
		{77FD5C42-1937-4091-8D5C-A9E20846AC4D}.Debug|Win32.ActiveCfg = Debug|Win32
		{77FD5C42-1937-4091-8D5C-A9E20846AC4D}.Debug|Win32.Build.0 = Debug|Win32
		{77FD5C42-1937-4091-8D5C-A9E20846AC4D}.Release|Win32.ActiveCfg = Release|Win32
		{77FD5C42-1937-4091-8D5C-A9E20846AC4D}.Release|Win32.Build.0 = Release|Win32
		{862AC25B-2303-4C73-99DB-E93748400318}.Debug|Win32.ActiveCfg = Debug|Win32
		{862AC25B-2303-4C73-99DB-E93748400318}.Debug|Win32.Build.0 = Debug|Win32
		{862AC25B-2303-4C73-99DB-E93748400318}.Release|Win32.ActiveCfg = Release|Win32
		{862AC25B-2303-4C73-99DB-E93748400318}.Release|Win32.Build.0 = Release|Win32
	EndGlobalSection
	GlobalSection(SolutionProperties) = preSolution
		HideSolutionNode = FALSE
	EndGlobalSection
	GlobalSection(NestedProjects) = preSolution
		{35D3AC98-F045-4125-8B76-E168EA5E6385} = {3852D20B-06DE-4867-970B-7BD7823B78D4}
		{9582B6F5-F5DB-4B62-86B2-7D73181D08FB} = {3852D20B-06DE-4867-970B-7BD7823B78D4}
		{7C97B44E-B943-4C25-A8D4-1EA69BEF28D6} = {6BBE2BCB-5351-4013-9737-04DE5DF86C92}
		{E22AC46A-3D9C-44A8-9AA5-8001FE4AC267} = {6BBE2BCB-5351-4013-9737-04DE5DF86C92}
		{7FD29ED7-1B81-4DEB-98BA-01A2D1A33015} = {6BBE2BCB-5351-4013-9737-04DE5DF86C92}
		{5FFAA069-6AD6-4021-96B8-23F725F9A2A1} = {6BBE2BCB-5351-4013-9737-04DE5DF86C92}
		{A2449226-FA0B-462C-A46B-552932901175} = {6BBE2BCB-5351-4013-9737-04DE5DF86C92}
		{94647CE7-C569-472A-888E-BE0567CA57C0} = {6BBE2BCB-5351-4013-9737-04DE5DF86C92}
		{ACA034EE-6175-47ED-AF16-787BFEE15D95} = {6BBE2BCB-5351-4013-9737-04DE5DF86C92}
		{E85E3628-523D-4118-A952-AB3D9CB1A945} = {6BBE2BCB-5351-4013-9737-04DE5DF86C92}
		{4BE4B593-A44C-4129-9EC5-4218761C5120} = {6BBE2BCB-5351-4013-9737-04DE5DF86C92}
		{97F6F814-9CC4-48CB-9376-7B7B227FC460} = {6BBE2BCB-5351-4013-9737-04DE5DF86C92}
		{69493065-12E6-4B76-B428-5C600FFBA98C} = {EE7B7058-66CC-418C-810A-7D282B94BD8F}
		{61904832-B17E-46B9-8836-7A6979872016} = {EE7B7058-66CC-418C-810A-7D282B94BD8F}
		{983C52AF-66D5-49E6-B3F2-6BC3EBBF672E} = {EE7B7058-66CC-418C-810A-7D282B94BD8F}
		{044CA344-D881-47A2-B375-388CCA64B842} = {EE7B7058-66CC-418C-810A-7D282B94BD8F}
		{208364BC-352A-4123-AF69-FB0A557EA859} = {C4F41C80-FCBE-4F3E-B9E8-B5C9D63BEE69}
		{67AB0C48-858F-464E-98D4-85BF8A7758B8} = {C4F41C80-FCBE-4F3E-B9E8-B5C9D63BEE69}
		{68BF6C7D-2DEB-4A00-BD59-9F39B2A6CA8A} = {C4F41C80-FCBE-4F3E-B9E8-B5C9D63BEE69}
		{A9DEEFAF-FB39-4025-BBF5-06DAE412DF32} = {C4F41C80-FCBE-4F3E-B9E8-B5C9D63BEE69}
		{3F97D36B-5D15-416C-BB47-D9B5351F06F6} = {C4F41C80-FCBE-4F3E-B9E8-B5C9D63BEE69}
		{EB6A37FE-A890-4D5E-B41D-1DB7E86104E4} = {C4F41C80-FCBE-4F3E-B9E8-B5C9D63BEE69}
		{2B8D2FEB-58F5-4F39-B765-0F6615763C8A} = {C4F41C80-FCBE-4F3E-B9E8-B5C9D63BEE69}
		{14ACDEC7-6B3F-4265-9403-3AE716A748DA} = {C4F41C80-FCBE-4F3E-B9E8-B5C9D63BEE69}
		{5F8C6D08-A282-4869-8F30-B9A89456B683} = {C4F41C80-FCBE-4F3E-B9E8-B5C9D63BEE69}
		{B9E15F1B-7A82-4830-83D2-3BE7E63E8445} = {D838078C-F4EB-4AF6-AC2B-30711E097168}
		{84FB81AE-4143-4A92-8B9D-E7251BDF4AC4} = {D838078C-F4EB-4AF6-AC2B-30711E097168}
		{E87E629B-27FC-4027-BC72-64EF2BA53C12} = {D838078C-F4EB-4AF6-AC2B-30711E097168}
		{4A9203B2-E4D0-42D9-B6CC-EB8CFB80DE9C} = {D838078C-F4EB-4AF6-AC2B-30711E097168}
		{9F7C6C68-9E0E-420E-8638-3E0416148D1C} = {D838078C-F4EB-4AF6-AC2B-30711E097168}
		{F0AF44AB-DDCA-4EDA-977D-AB78FD648CC1} = {D838078C-F4EB-4AF6-AC2B-30711E097168}
		{64B61128-45D4-461C-9999-A3F5EE1372BE} = {57C0DE6C-9347-42EF-95DA-E85CFEC7B56E}
		{0B9BE4A4-7DD4-4D84-AE4F-CDC6CE0AEF46} = {57C0DE6C-9347-42EF-95DA-E85CFEC7B56E}
		{5B01F2AB-0A62-4D5D-90FD-C870512A4721} = {4C25DEE2-C8B4-461F-80E1-B0B07468D3E8}
		{C1F49E5E-10F2-4C04-A09C-FC38EAFEF9D5} = {4C25DEE2-C8B4-461F-80E1-B0B07468D3E8}
		{790583A8-B860-444E-B523-A534B823AA2A} = {4C25DEE2-C8B4-461F-80E1-B0B07468D3E8}
		{07A28BAF-7532-4F3E-8B7A-A78D04DE43EB} = {787CD1A4-2621-4E63-A01E-6BA5C3E4BD8B}
		{77FD5C42-1937-4091-8D5C-A9E20846AC4D} = {787CD1A4-2621-4E63-A01E-6BA5C3E4BD8B}
		{862AC25B-2303-4C73-99DB-E93748400318} = {787CD1A4-2621-4E63-A01E-6BA5C3E4BD8B}
		{F23E116F-0A8B-4BC2-AF31-C37048A76229} = {CBAB12F7-0046-4FEB-AE21-46AF080CDD54}
		{4848FBE1-E058-4E6F-839E-CAD28912E128} = {3001F794-B07E-4297-81D5-A2EC41912AC2}
		{E8BA738A-B109-4C25-BAEE-F5E1C977A700} = {3001F794-B07E-4297-81D5-A2EC41912AC2}
		{C7BDE0E0-B3C5-4093-95D1-6BAD3CB3A5C5} = {3001F794-B07E-4297-81D5-A2EC41912AC2}
		{E3631433-0745-4334-ABAE-CF9C7BA8BD94} = {3001F794-B07E-4297-81D5-A2EC41912AC2}
		{B68D5272-4FF2-4878-A06D-EC16903CBF45} = {3001F794-B07E-4297-81D5-A2EC41912AC2}
		{35113C58-5C8B-4139-BF14-2571A9F0BC32} = {EA0FB3E9-2EEB-4751-B0B4-1C4B0C082AC1}
		{31894A77-197F-4A8A-9BBA-6391364C4FA4} = {CC9D2C72-8131-4C7A-BB6D-5ED936D4550D}
		{38F625C6-202D-4411-96E9-4969FB18FA41} = {CC9D2C72-8131-4C7A-BB6D-5ED936D4550D}
		{1791E508-94C2-4B8F-8EB9-B1D8A76530F8} = {A80434C3-0047-4B04-B5DE-492CB31179CE}
		{7EDFB9FE-E56B-4A1F-98B7-A2FF17E7B9B7} = {A80434C3-0047-4B04-B5DE-492CB31179CE}
		{AAE0E65C-CB6D-45E5-86CC-5E2498CBD46B} = {A80434C3-0047-4B04-B5DE-492CB31179CE}
		{26FC9E4D-21FB-4F03-A648-3857212CCF7B} = {A80434C3-0047-4B04-B5DE-492CB31179CE}
		{E61600B7-304B-4D99-8514-CD8767432499} = {A80434C3-0047-4B04-B5DE-492CB31179CE}
		{AFC24D0B-263A-471E-9491-BB3CD8382B69} = {A80434C3-0047-4B04-B5DE-492CB31179CE}
		{E1FBD6BF-FC98-442F-AD7A-CFC350B91E5F} = {A80434C3-0047-4B04-B5DE-492CB31179CE}
		{1D540889-43B8-418E-9932-BB18C09122EF} = {A80434C3-0047-4B04-B5DE-492CB31179CE}
		{2B8D3AF7-0544-43E5-ACD6-10762989A599} = {A80434C3-0047-4B04-B5DE-492CB31179CE}
		{4B518A1E-4729-4EA1-B85F-243CC6046899} = {9CBBFC69-4635-46C8-B129-5075D3A09DBF}
	EndGlobalSection
EndGlobal
